
Microsoft Visual Studio Solution File, Format Version 12.00
# Visual Studio Version 17
VisualStudioVersion = 17.12.35707.178
MinimumVisualStudioVersion = 10.0.40219.1
Project("{FAE04EC0-301F-11D3-BF4B-00C04F79EFBC}") = "calculator", "calculator\calculator.csproj", "{CDC944DC-611E-4AD6-87FF-53A0FEF4B9DE}"
EndProject
Global
	GlobalSection(SolutionConfigurationPlatforms) = preSolution
		Debug|Any CPU = Debug|Any CPU
		Release|Any CPU = Release|Any CPU
	EndGlobalSection
	GlobalSection(ProjectConfigurationPlatforms) = postSolution
		{CDC944DC-611E-4AD6-87FF-53A0FEF4B9DE}.Debug|Any CPU.ActiveCfg = Release|Any CPU
		{CDC944DC-611E-4AD6-87FF-53A0FEF4B9DE}.Debug|Any CPU.Build.0 = Release|Any CPU
		{CDC944DC-611E-4AD6-87FF-53A0FEF4B9DE}.Debug|Any CPU.Deploy.0 = Release|Any CPU
		{CDC944DC-611E-4AD6-87FF-53A0FEF4B9DE}.Release|Any CPU.ActiveCfg = Release|Any CPU
		{CDC944DC-611E-4AD6-87FF-53A0FEF4B9DE}.Release|Any CPU.Build.0 = Release|Any CPU
		{CDC944DC-611E-4AD6-87FF-53A0FEF4B9DE}.Release|Any CPU.Deploy.0 = Release|Any CPU
	EndGlobalSection
	GlobalSection(SolutionProperties) = preSolution
		HideSolutionNode = FALSE
	EndGlobalSection
EndGlobal
